
Microsoft Visual Studio Solution File, Format Version 12.00
# Visual Studio Version 16
VisualStudioVersion = 16.0.30503.244
MinimumVisualStudioVersion = 10.0.40219.1
Project("{9A19103F-16F7-4668-BE54-9A1E7A4F7556}") = "HelloWorld.Console.Client", "HelloWorld.Console.Client\HelloWorld.Console.Client.csproj", "{557CFAB1-0E7A-4B0E-A27F-E15EA849EF27}"
EndProject
Project("{9A19103F-16F7-4668-BE54-9A1E7A4F7556}") = "HelloWorld.WebAPI", "HelloWorld.WebAPI\HelloWorld.WebAPI.csproj", "{EBE5CA08-5346-4D03-B512-1D6F88E53E79}"
EndProject
Project("{FAE04EC0-301F-11D3-BF4B-00C04F79EFBC}") = "HelloWorld.Business", "HelloWorld.Business\HelloWorld.Business.csproj", "{0D852CBB-DB94-44FE-97EF-17073E725BCE}"
EndProject
Project("{FAE04EC0-301F-11D3-BF4B-00C04F79EFBC}") = "HelloWorld.WebAPI.Tests", "HelloWorld.WebAPI.Tests\HelloWorld.WebAPI.Tests.csproj", "{1EE245E0-B33A-46C8-8EF7-042A097413CA}"
EndProject
Project("{FAE04EC0-301F-11D3-BF4B-00C04F79EFBC}") = "HelloWorld.Shared", "HelloWorld.Shared\HelloWorld.Shared.csproj", "{BE82FBB0-6774-44B8-8303-8764F5F68F53}"
EndProject
Global
	GlobalSection(SolutionConfigurationPlatforms) = preSolution
		Debug|Any CPU = Debug|Any CPU
		Release|Any CPU = Release|Any CPU
	EndGlobalSection
	GlobalSection(ProjectConfigurationPlatforms) = postSolution
		{557CFAB1-0E7A-4B0E-A27F-E15EA849EF27}.Debug|Any CPU.ActiveCfg = Debug|Any CPU
		{557CFAB1-0E7A-4B0E-A27F-E15EA849EF27}.Debug|Any CPU.Build.0 = Debug|Any CPU
		{557CFAB1-0E7A-4B0E-A27F-E15EA849EF27}.Release|Any CPU.ActiveCfg = Release|Any CPU
		{557CFAB1-0E7A-4B0E-A27F-E15EA849EF27}.Release|Any CPU.Build.0 = Release|Any CPU
		{EBE5CA08-5346-4D03-B512-1D6F88E53E79}.Debug|Any CPU.ActiveCfg = Debug|Any CPU
		{EBE5CA08-5346-4D03-B512-1D6F88E53E79}.Debug|Any CPU.Build.0 = Debug|Any CPU
		{EBE5CA08-5346-4D03-B512-1D6F88E53E79}.Release|Any CPU.ActiveCfg = Release|Any CPU
		{EBE5CA08-5346-4D03-B512-1D6F88E53E79}.Release|Any CPU.Build.0 = Release|Any CPU
		{0D852CBB-DB94-44FE-97EF-17073E725BCE}.Debug|Any CPU.ActiveCfg = Debug|Any CPU
		{0D852CBB-DB94-44FE-97EF-17073E725BCE}.Debug|Any CPU.Build.0 = Debug|Any CPU
		{0D852CBB-DB94-44FE-97EF-17073E725BCE}.Release|Any CPU.ActiveCfg = Release|Any CPU
		{0D852CBB-DB94-44FE-97EF-17073E725BCE}.Release|Any CPU.Build.0 = Release|Any CPU
		{1EE245E0-B33A-46C8-8EF7-042A097413CA}.Debug|Any CPU.ActiveCfg = Debug|Any CPU
		{1EE245E0-B33A-46C8-8EF7-042A097413CA}.Debug|Any CPU.Build.0 = Debug|Any CPU
		{1EE245E0-B33A-46C8-8EF7-042A097413CA}.Release|Any CPU.ActiveCfg = Release|Any CPU
		{1EE245E0-B33A-46C8-8EF7-042A097413CA}.Release|Any CPU.Build.0 = Release|Any CPU
		{BE82FBB0-6774-44B8-8303-8764F5F68F53}.Debug|Any CPU.ActiveCfg = Debug|Any CPU
		{BE82FBB0-6774-44B8-8303-8764F5F68F53}.Debug|Any CPU.Build.0 = Debug|Any CPU
		{BE82FBB0-6774-44B8-8303-8764F5F68F53}.Release|Any CPU.ActiveCfg = Release|Any CPU
		{BE82FBB0-6774-44B8-8303-8764F5F68F53}.Release|Any CPU.Build.0 = Release|Any CPU
	EndGlobalSection
	GlobalSection(SolutionProperties) = preSolution
		HideSolutionNode = FALSE
	EndGlobalSection
	GlobalSection(ExtensibilityGlobals) = postSolution
		SolutionGuid = {F68DC278-09AE-4467-BE0C-84A3716FB278}
	EndGlobalSection
EndGlobal
